
Microsoft Visual Studio Solution File, Format Version 12.00
# Visual Studio Version 17
VisualStudioVersion = 17.11.35327.3
MinimumVisualStudioVersion = 10.0.40219.1
Project("{FAE04EC0-301F-11D3-BF4B-00C04F79EFBC}") = "CraftingInterpreters.JLox2", "CraftingInterpreters.JLox2\CraftingInterpreters.JLox2.csproj", "{6EB95B50-691B-4042-8920-FEACC26F292B}"
EndProject
Global
	GlobalSection(SolutionConfigurationPlatforms) = preSolution
		Debug|Any CPU = Debug|Any CPU
		Release|Any CPU = Release|Any CPU
	EndGlobalSection
	GlobalSection(ProjectConfigurationPlatforms) = postSolution
		{6EB95B50-691B-4042-8920-FEACC26F292B}.Debug|Any CPU.ActiveCfg = Debug|Any CPU
		{6EB95B50-691B-4042-8920-FEACC26F292B}.Debug|Any CPU.Build.0 = Debug|Any CPU
		{6EB95B50-691B-4042-8920-FEACC26F292B}.Release|Any CPU.ActiveCfg = Release|Any CPU
		{6EB95B50-691B-4042-8920-FEACC26F292B}.Release|Any CPU.Build.0 = Release|Any CPU
	EndGlobalSection
	GlobalSection(SolutionProperties) = preSolution
		HideSolutionNode = FALSE
	EndGlobalSection
	GlobalSection(ExtensibilityGlobals) = postSolution
		SolutionGuid = {5D6A0F8C-2590-475A-BAE0-ACCB0D8FB9C3}
	EndGlobalSection
EndGlobal
